
Microsoft Visual Studio Solution File, Format Version 12.00
# Visual Studio Version 17
VisualStudioVersion = 17.9.34607.119
MinimumVisualStudioVersion = 10.0.40219.1
Project("{9A19103F-16F7-4668-BE54-9A1E7A4F7556}") = "CleanArchitectureExample", "CleanArchitectureExample.csproj", "{F31DE241-2755-49A7-964B-1BB8307F2478}"
EndProject
Project("{FAE04EC0-301F-11D3-BF4B-00C04F79EFBC}") = "CleanArchitecture.Tests", "..\CleanArchitecture.Tests\CleanArchitecture.Tests.csproj", "{D28B04B0-5120-4946-8BD0-1B8687EE81EB}"
EndProject
Global
	GlobalSection(SolutionConfigurationPlatforms) = preSolution
		Debug|Any CPU = Debug|Any CPU
		Release|Any CPU = Release|Any CPU
	EndGlobalSection
	GlobalSection(ProjectConfigurationPlatforms) = postSolution
		{F31DE241-2755-49A7-964B-1BB8307F2478}.Debug|Any CPU.ActiveCfg = Debug|Any CPU
		{F31DE241-2755-49A7-964B-1BB8307F2478}.Debug|Any CPU.Build.0 = Debug|Any CPU
		{F31DE241-2755-49A7-964B-1BB8307F2478}.Release|Any CPU.ActiveCfg = Release|Any CPU
		{F31DE241-2755-49A7-964B-1BB8307F2478}.Release|Any CPU.Build.0 = Release|Any CPU
		{D28B04B0-5120-4946-8BD0-1B8687EE81EB}.Debug|Any CPU.ActiveCfg = Debug|Any CPU
		{D28B04B0-5120-4946-8BD0-1B8687EE81EB}.Debug|Any CPU.Build.0 = Debug|Any CPU
		{D28B04B0-5120-4946-8BD0-1B8687EE81EB}.Release|Any CPU.ActiveCfg = Release|Any CPU
		{D28B04B0-5120-4946-8BD0-1B8687EE81EB}.Release|Any CPU.Build.0 = Release|Any CPU
	EndGlobalSection
	GlobalSection(SolutionProperties) = preSolution
		HideSolutionNode = FALSE
	EndGlobalSection
	GlobalSection(ExtensibilityGlobals) = postSolution
		SolutionGuid = {CEFA875E-E871-47AC-918B-33B398CDA9EC}
	EndGlobalSection
EndGlobal
